
Microsoft Visual Studio Solution File, Format Version 12.00
# Visual Studio Version 17
VisualStudioVersion = 17.3.32825.248
MinimumVisualStudioVersion = 10.0.40219.1
Project("{FAE04EC0-301F-11D3-BF4B-00C04F79EFBC}") = "DesktopGemStones", "DesktopGemStones.csproj", "{1310369F-606A-4182-BFD5-91C321AE4688}"
EndProject
Project("{9A19103F-16F7-4668-BE54-9A1E7A4F7556}") = "GemStonesConsole", "..\GemStonesConsole\GemStonesConsole.csproj", "{284D6B31-C7EC-4BE0-B57C-575574324C87}"
EndProject
Project("{FAE04EC0-301F-11D3-BF4B-00C04F79EFBC}") = "LibraryGemStones", "..\ClassLibrary2\LibraryGemStones.csproj", "{4390E502-F177-4C6D-8695-DCD9FB0E83DB}"
EndProject
Global
	GlobalSection(SolutionConfigurationPlatforms) = preSolution
		Debug|Any CPU = Debug|Any CPU
		Release|Any CPU = Release|Any CPU
	EndGlobalSection
	GlobalSection(ProjectConfigurationPlatforms) = postSolution
		{1310369F-606A-4182-BFD5-91C321AE4688}.Debug|Any CPU.ActiveCfg = Debug|Any CPU
		{1310369F-606A-4182-BFD5-91C321AE4688}.Debug|Any CPU.Build.0 = Debug|Any CPU
		{1310369F-606A-4182-BFD5-91C321AE4688}.Release|Any CPU.ActiveCfg = Release|Any CPU
		{1310369F-606A-4182-BFD5-91C321AE4688}.Release|Any CPU.Build.0 = Release|Any CPU
		{284D6B31-C7EC-4BE0-B57C-575574324C87}.Debug|Any CPU.ActiveCfg = Debug|Any CPU
		{284D6B31-C7EC-4BE0-B57C-575574324C87}.Debug|Any CPU.Build.0 = Debug|Any CPU
		{284D6B31-C7EC-4BE0-B57C-575574324C87}.Release|Any CPU.ActiveCfg = Release|Any CPU
		{284D6B31-C7EC-4BE0-B57C-575574324C87}.Release|Any CPU.Build.0 = Release|Any CPU
		{4390E502-F177-4C6D-8695-DCD9FB0E83DB}.Debug|Any CPU.ActiveCfg = Debug|Any CPU
		{4390E502-F177-4C6D-8695-DCD9FB0E83DB}.Debug|Any CPU.Build.0 = Debug|Any CPU
		{4390E502-F177-4C6D-8695-DCD9FB0E83DB}.Release|Any CPU.ActiveCfg = Release|Any CPU
		{4390E502-F177-4C6D-8695-DCD9FB0E83DB}.Release|Any CPU.Build.0 = Release|Any CPU
	EndGlobalSection
	GlobalSection(SolutionProperties) = preSolution
		HideSolutionNode = FALSE
	EndGlobalSection
	GlobalSection(ExtensibilityGlobals) = postSolution
		SolutionGuid = {6BF694E9-4E83-4D2B-A64B-4D74B19465D1}
	EndGlobalSection
EndGlobal
